
Microsoft Visual Studio Solution File, Format Version 12.00
# Visual Studio Version 17
VisualStudioVersion = 17.8.34525.116
MinimumVisualStudioVersion = 10.0.40219.1
Project("{FAE04EC0-301F-11D3-BF4B-00C04F79EFBC}") = "ConsoleUI", "ConsoleUI\ConsoleUI.csproj", "{D16091F9-5AD2-484F-83DA-230907F0E232}"
EndProject
Global
	GlobalSection(SolutionConfigurationPlatforms) = preSolution
		Debug|Any CPU = Debug|Any CPU
		Release|Any CPU = Release|Any CPU
	EndGlobalSection
	GlobalSection(ProjectConfigurationPlatforms) = postSolution
		{D16091F9-5AD2-484F-83DA-230907F0E232}.Debug|Any CPU.ActiveCfg = Debug|Any CPU
		{D16091F9-5AD2-484F-83DA-230907F0E232}.Debug|Any CPU.Build.0 = Debug|Any CPU
		{D16091F9-5AD2-484F-83DA-230907F0E232}.Release|Any CPU.ActiveCfg = Release|Any CPU
		{D16091F9-5AD2-484F-83DA-230907F0E232}.Release|Any CPU.Build.0 = Release|Any CPU
	EndGlobalSection
	GlobalSection(SolutionProperties) = preSolution
		HideSolutionNode = FALSE
	EndGlobalSection
	GlobalSection(ExtensibilityGlobals) = postSolution
		SolutionGuid = {9AAA5B40-1AB8-4346-855E-8687800760B9}
	EndGlobalSection
EndGlobal
